
Microsoft Visual Studio Solution File, Format Version 12.00
# Visual Studio Version 18
VisualStudioVersion = 18.0.11205.157
MinimumVisualStudioVersion = 10.0.40219.1
Project("{FAE04EC0-301F-11D3-BF4B-00C04F79EFBC}") = "docker-compose-manager-back", "docker-compose-manager-back.csproj", "{5B292145-1B66-71AB-DD57-B7D98C99B8C1}"
EndProject
Project("{FAE04EC0-301F-11D3-BF4B-00C04F79EFBC}") = "docker-compose-manager-back.Tests", "docker-compose-manager-back.Tests\docker-compose-manager-back.Tests.csproj", "{DD1BABE1-E9AF-7326-7F00-C19EDC864461}"
EndProject
Global
	GlobalSection(SolutionConfigurationPlatforms) = preSolution
		Debug|Any CPU = Debug|Any CPU
		Release|Any CPU = Release|Any CPU
	EndGlobalSection
	GlobalSection(ProjectConfigurationPlatforms) = postSolution
		{5B292145-1B66-71AB-DD57-B7D98C99B8C1}.Debug|Any CPU.ActiveCfg = Debug|Any CPU
		{5B292145-1B66-71AB-DD57-B7D98C99B8C1}.Debug|Any CPU.Build.0 = Debug|Any CPU
		{5B292145-1B66-71AB-DD57-B7D98C99B8C1}.Release|Any CPU.ActiveCfg = Release|Any CPU
		{5B292145-1B66-71AB-DD57-B7D98C99B8C1}.Release|Any CPU.Build.0 = Release|Any CPU
		{DD1BABE1-E9AF-7326-7F00-C19EDC864461}.Debug|Any CPU.ActiveCfg = Debug|Any CPU
		{DD1BABE1-E9AF-7326-7F00-C19EDC864461}.Debug|Any CPU.Build.0 = Debug|Any CPU
		{DD1BABE1-E9AF-7326-7F00-C19EDC864461}.Release|Any CPU.ActiveCfg = Release|Any CPU
		{DD1BABE1-E9AF-7326-7F00-C19EDC864461}.Release|Any CPU.Build.0 = Release|Any CPU
	EndGlobalSection
	GlobalSection(SolutionProperties) = preSolution
		HideSolutionNode = FALSE
	EndGlobalSection
	GlobalSection(ExtensibilityGlobals) = postSolution
		SolutionGuid = {BED1DE0C-6449-40C9-B94C-C6776C5F2A7C}
	EndGlobalSection
EndGlobal
